// !$*UTF8*$!
{
	archiveVersion = 1;
	classes = {
	};
	objectVersion = 46;
	objects = {

/* Begin PBXBuildFile section */
		9DA065131A9A99AC00AD4A9D /* AppDelegate.swift in Sources */ = {isa = PBXBuildFile; fileRef = 9DA065121A9A99AC00AD4A9D /* AppDelegate.swift */; };
		9DA065151A9A99AC00AD4A9D /* ViewController.swift in Sources */ = {isa = PBXBuildFile; fileRef = 9DA065141A9A99AC00AD4A9D /* ViewController.swift */; };
		9DA065181A9A99AC00AD4A9D /* Main.storyboard in Resources */ = {isa = PBXBuildFile; fileRef = 9DA065161A9A99AC00AD4A9D /* Main.storyboard */; };
		9DA0651A1A9A99AC00AD4A9D /* Images.xcassets in Resources */ = {isa = PBXBuildFile; fileRef = 9DA065191A9A99AC00AD4A9D /* Images.xcassets */; };
		9DA0651D1A9A99AC00AD4A9D /* LaunchScreen.xib in Resources */ = {isa = PBXBuildFile; fileRef = 9DA0651B1A9A99AC00AD4A9D /* LaunchScreen.xib */; };
		9DA065291A9A99AC00AD4A9D /* PassingDataTests.swift in Sources */ = {isa = PBXBuildFile; fileRef = 9DA065281A9A99AC00AD4A9D /* PassingDataTests.swift */; };
/* End PBXBuildFile section */

/* Begin PBXContainerItemProxy section */
		9DA065231A9A99AC00AD4A9D /* PBXContainerItemProxy */ = {
			isa = PBXContainerItemProxy;
			containerPortal = 9DA065051A9A99AC00AD4A9D /* Project object */;
			proxyType = 1;
			remoteGlobalIDString = 9DA0650C1A9A99AC00AD4A9D;
			remoteInfo = PassingData;
		};
/* End PBXContainerItemProxy section */

/* Begin PBXFileReference section */
		9DA0650D1A9A99AC00AD4A9D /* PassingData.app */ = {isa = PBXFileReference; explicitFileType = wrapper.application; includeInIndex = 0; path = PassingData.app; sourceTree = BUILT_PRODUCTS_DIR; };
		9DA065111A9A99AC00AD4A9D /* Info.plist */ = {isa = PBXFileReference; lastKnownFileType = text.plist.xml; path = Info.plist; sourceTree = "<group>"; };
		9DA065121A9A99AC00AD4A9D /* AppDelegate.swift */ = {isa = PBXFileReference; lastKnownFileType = sourcecode.swift; path = AppDelegate.swift; sourceTree = "<group>"; };
		9DA065141A9A99AC00AD4A9D /* ViewController.swift */ = {isa = PBXFileReference; lastKnownFileType = sourcecode.swift; path = ViewController.swift; sourceTree = "<group>"; };
		9DA065171A9A99AC00AD4A9D /* Base */ = {isa = PBXFileReference; lastKnownFileType = file.storyboard; name = Base; path = Base.lproj/Main.storyboard; sourceTree = "<group>"; };
		9DA065191A9A99AC00AD4A9D /* Images.xcassets */ = {isa = PBXFileReference; lastKnownFileType = folder.assetcatalog; path = Images.xcassets; sourceTree = "<group>"; };
		9DA0651C1A9A99AC00AD4A9D /* Base */ = {isa = PBXFileReference; lastKnownFileType = file.xib; name = Base; path = Base.lproj/LaunchScreen.xib; sourceTree = "<group>"; };
		9DA065221A9A99AC00AD4A9D /* PassingDataTests.xctest */ = {isa = PBXFileReference; explicitFileType = wrapper.cfbundle; includeInIndex = 0; path = PassingDataTests.xctest; sourceTree = BUILT_PRODUCTS_DIR; };
		9DA065271A9A99AC00AD4A9D /* Info.plist */ = {isa = PBXFileReference; lastKnownFileType = text.plist.xml; path = Info.plist; sourceTree = "<group>"; };
		9DA065281A9A99AC00AD4A9D /* PassingDataTests.swift */ = {isa = PBXFileReference; lastKnownFileType = sourcecode.swift; path = PassingDataTests.swift; sourceTree = "<group>"; };
/* End PBXFileReference section */

/* Begin PBXFrameworksBuildPhase section */
		9DA0650A1A9A99AC00AD4A9D /* Frameworks */ = {
			isa = PBXFrameworksBuildPhase;
			buildActionMask = 2147483647;
			files = (
			);
			runOnlyForDeploymentPostprocessing = 0;
		};
		9DA0651F1A9A99AC00AD4A9D /* Frameworks */ = {
			isa = PBXFrameworksBuildPhase;
			buildActionMask = 2147483647;
			files = (
			);
			runOnlyForDeploymentPostprocessing = 0;
		};
/* End PBXFrameworksBuildPhase section */

/* Begin PBXGroup section */
		9DA065041A9A99AC00AD4A9D = {
			isa = PBXGroup;
			children = (
				9DA0650F1A9A99AC00AD4A9D /* PassingData */,
				9DA065251A9A99AC00AD4A9D /* PassingDataTests */,
				9DA0650E1A9A99AC00AD4A9D /* Products */,
			);
			sourceTree = "<group>";
		};
		9DA0650E1A9A99AC00AD4A9D /* Products */ = {
			isa = PBXGroup;
			children = (
				9DA0650D1A9A99AC00AD4A9D /* PassingData.app */,
				9DA065221A9A99AC00AD4A9D /* PassingDataTests.xctest */,
			);
			name = Products;
			sourceTree = "<group>";
		};
		9DA0650F1A9A99AC00AD4A9D /* PassingData */ = {
			isa = PBXGroup;
			children = (
				9DA065121A9A99AC00AD4A9D /* AppDelegate.swift */,
				9DA065141A9A99AC00AD4A9D /* ViewController.swift */,
				9DA065161A9A99AC00AD4A9D /* Main.storyboard */,
				9DA065191A9A99AC00AD4A9D /* Images.xcassets */,
				9DA0651B1A9A99AC00AD4A9D /* LaunchScreen.xib */,
				9DA065101A9A99AC00AD4A9D /* Supporting Files */,
			);
			path = PassingData;
			sourceTree = "<group>";
		};
		9DA065101A9A99AC00AD4A9D /* Supporting Files */ = {
			isa = PBXGroup;
			children = (
				9DA065111A9A99AC00AD4A9D /* Info.plist */,
			);
			name = "Supporting Files";
			sourceTree = "<group>";
		};
		9DA065251A9A99AC00AD4A9D /* PassingDataTests */ = {
			isa = PBXGroup;
			children = (
				9DA065281A9A99AC00AD4A9D /* PassingDataTests.swift */,
				9DA065261A9A99AC00AD4A9D /* Supporting Files */,
			);
			path = PassingDataTests;
			sourceTree = "<group>";
		};
		9DA065261A9A99AC00AD4A9D /* Supporting Files */ = {
			isa = PBXGroup;
			children = (
				9DA065271A9A99AC00AD4A9D /* Info.plist */,
			);
			name = "Supporting Files";
			sourceTree = "<group>";
		};
/* End PBXGroup section */

/* Begin PBXNativeTarget section */
		9DA0650C1A9A99AC00AD4A9D /* PassingData */ = {
			isa = PBXNativeTarget;
			buildConfigurationList = 9DA0652C1A9A99AC00AD4A9D /* Build configuration list for PBXNativeTarget "PassingData" */;
			buildPhases = (
				9DA065091A9A99AC00AD4A9D /* Sources */,
				9DA0650A1A9A99AC00AD4A9D /* Frameworks */,
				9DA0650B1A9A99AC00AD4A9D /* Resources */,
			);
			buildRules = (
			);
			dependencies = (
			);
			name = PassingData;
			productName = PassingData;
			productReference = 9DA0650D1A9A99AC00AD4A9D /* PassingData.app */;
			productType = "com.apple.product-type.application";
		};
		9DA065211A9A99AC00AD4A9D /* PassingDataTests */ = {
			isa = PBXNativeTarget;
			buildConfigurationList = 9DA0652F1A9A99AC00AD4A9D /* Build configuration list for PBXNativeTarget "PassingDataTests" */;
			buildPhases = (
				9DA0651E1A9A99AC00AD4A9D /* Sources */,
				9DA0651F1A9A99AC00AD4A9D /* Frameworks */,
				9DA065201A9A99AC00AD4A9D /* Resources */,
			);
			buildRules = (
			);
			dependencies = (
				9DA065241A9A99AC00AD4A9D /* PBXTargetDependency */,
			);
			name = PassingDataTests;
			productName = PassingDataTests;
			productReference = 9DA065221A9A99AC00AD4A9D /* PassingDataTests.xctest */;
			productType = "com.apple.product-type.bundle.unit-test";
		};
/* End PBXNativeTarget section */

/* Begin PBXProject section */
		9DA065051A9A99AC00AD4A9D /* Project object */ = {
			isa = PBXProject;
			attributes = {
				LastUpgradeCheck = 0610;
				ORGANIZATIONNAME = "Chips&Tea";
				TargetAttributes = {
					9DA0650C1A9A99AC00AD4A9D = {
						CreatedOnToolsVersion = 6.1.1;
					};
					9DA065211A9A99AC00AD4A9D = {
						CreatedOnToolsVersion = 6.1.1;
						TestTargetID = 9DA0650C1A9A99AC00AD4A9D;
					};
				};
			};
			buildConfigurationList = 9DA065081A9A99AC00AD4A9D /* Build configuration list for PBXProject "PassingData" */;
			compatibilityVersion = "Xcode 3.2";
			developmentRegion = English;
			hasScannedForEncodings = 0;
			knownRegions = (
				en,
				Base,
			);
			mainGroup = 9DA065041A9A99AC00AD4A9D;
			productRefGroup = 9DA0650E1A9A99AC00AD4A9D /* Products */;
			projectDirPath = "";
			projectRoot = "";
			targets = (
				9DA0650C1A9A99AC00AD4A9D /* PassingData */,
				9DA065211A9A99AC00AD4A9D /* PassingDataTests */,
			);
		};
/* End PBXProject section */

/* Begin PBXResourcesBuildPhase section */
		9DA0650B1A9A99AC00AD4A9D /* Resources */ = {
			isa = PBXResourcesBuildPhase;
			buildActionMask = 2147483647;
			files = (
				9DA065181A9A99AC00AD4A9D /* Main.storyboard in Resources */,
				9DA0651D1A9A99AC00AD4A9D /* LaunchScreen.xib in Resources */,
				9DA0651A1A9A99AC00AD4A9D /* Images.xcassets in Resources */,
			);
			runOnlyForDeploymentPostprocessing = 0;
		};
		9DA065201A9A99AC00AD4A9D /* Resources */ = {
			isa = PBXResourcesBuildPhase;
			buildActionMask = 2147483647;
			files = (
			);
			runOnlyForDeploymentPostprocessing = 0;
		};
/* End PBXResourcesBuildPhase section */

/* Begin PBXSourcesBuildPhase section */
		9DA065091A9A99AC00AD4A9D /* Sources */ = {
			isa = PBXSourcesBuildPhase;
			buildActionMask = 2147483647;
			files = (
				9DA065151A9A99AC00AD4A9D /* ViewController.swift in Sources */,
				9DA065131A9A99AC00AD4A9D /* AppDelegate.swift in Sources */,
			);
			runOnlyForDeploymentPostprocessing = 0;
		};
		9DA0651E1A9A99AC00AD4A9D /* Sources */ = {
			isa = PBXSourcesBuildPhase;
			buildActionMask = 2147483647;
			files = (
				9DA065291A9A99AC00AD4A9D /* PassingDataTests.swift in Sources */,
			);
			runOnlyForDeploymentPostprocessing = 0;
		};
/* End PBXSourcesBuildPhase section */

/* Begin PBXTargetDependency section */
		9DA065241A9A99AC00AD4A9D /* PBXTargetDependency */ = {
			isa = PBXTargetDependency;
			target = 9DA0650C1A9A99AC00AD4A9D /* PassingData */;
			targetProxy = 9DA065231A9A99AC00AD4A9D /* PBXContainerItemProxy */;
		};
/* End PBXTargetDependency section */

/* Begin PBXVariantGroup section */
		9DA065161A9A99AC00AD4A9D /* Main.storyboard */ = {
			isa = PBXVariantGroup;
			children = (
				9DA065171A9A99AC00AD4A9D /* Base */,
			);
			name = Main.storyboard;
			sourceTree = "<group>";
		};
		9DA0651B1A9A99AC00AD4A9D /* LaunchScreen.xib */ = {
			isa = PBXVariantGroup;
			children = (
				9DA0651C1A9A99AC00AD4A9D /* Base */,
			);
			name = LaunchScreen.xib;
			sourceTree = "<group>";
		};
/* End PBXVariantGroup section */

/* Begin XCBuildConfiguration section */
		9DA0652A1A9A99AC00AD4A9D /* Debug */ = {
			isa = XCBuildConfiguration;
			buildSettings = {
				ALWAYS_SEARCH_USER_PATHS = NO;
				CLANG_CXX_LANGUAGE_STANDARD = "gnu++0x";
				CLANG_CXX_LIBRARY = "libc++";
				CLANG_ENABLE_MODULES = YES;
				CLANG_ENABLE_OBJC_ARC = YES;
				CLANG_WARN_BOOL_CONVERSION = YES;
				CLANG_WARN_CONSTANT_CONVERSION = YES;
				CLANG_WARN_DIRECT_OBJC_ISA_USAGE = YES_ERROR;
				CLANG_WARN_EMPTY_BODY = YES;
				CLANG_WARN_ENUM_CONVERSION = YES;
				CLANG_WARN_INT_CONVERSION = YES;
				CLANG_WARN_OBJC_ROOT_CLASS = YES_ERROR;
				CLANG_WARN_UNREACHABLE_CODE = YES;
				CLANG_WARN__DUPLICATE_METHOD_MATCH = YES;
				"CODE_SIGN_IDENTITY[sdk=iphoneos*]" = "iPhone Developer";
				COPY_PHASE_STRIP = NO;
				ENABLE_STRICT_OBJC_MSGSEND = YES;
				GCC_C_LANGUAGE_STANDARD = gnu99;
				GCC_DYNAMIC_NO_PIC = NO;
				GCC_OPTIMIZATION_LEVEL = 0;
				GCC_PREPROCESSOR_DEFINITIONS = (
					"DEBUG=1",
					"$(inherited)",
				);
				GCC_SYMBOLS_PRIVATE_EXTERN = NO;
				GCC_WARN_64_TO_32_BIT_CONVERSION = YES;
				GCC_WARN_ABOUT_RETURN_TYPE = YES_ERROR;
				GCC_WARN_UNDECLARED_SELECTOR = YES;
				GCC_WARN_UNINITIALIZED_AUTOS = YES_AGGRESSIVE;
				GCC_WARN_UNUSED_FUNCTION = YES;
				GCC_WARN_UNUSED_VARIABLE = YES;
				IPHONEOS_DEPLOYMENT_TARGET = 8.1;
				MTL_ENABLE_DEBUG_INFO = YES;
				ONLY_ACTIVE_ARCH = YES;
				SDKROOT = iphoneos;
				SWIFT_OPTIMIZATION_LEVEL = "-Onone";
				TARGETED_DEVICE_FAMILY = 2;
			};
			name = Debug;
		};
		9DA0652B1A9A99AC00AD4A9D /* Release */ = {
			isa = XCBuildConfiguration;
			buildSettings = {
				ALWAYS_SEARCH_USER_PATHS = NO;
				CLANG_CXX_LANGUAGE_STANDARD = "gnu++0x";
				CLANG_CXX_LIBRARY = "libc++";
				CLANG_ENABLE_MODULES = YES;
				CLANG_ENABLE_OBJC_ARC = YES;
				CLANG_WARN_BOOL_CONVERSION = YES;
				CLANG_WARN_CONSTANT_CONVERSION = YES;
				CLANG_WARN_DIRECT_OBJC_ISA_USAGE = YES_ERROR;
				CLANG_WARN_EMPTY_BODY = YES;
				CLANG_WARN_ENUM_CONVERSION = YES;
				CLANG_WARN_INT_CONVERSION = YES;
				CLANG_WARN_OBJC_ROOT_CLASS = YES_ERROR;
				CLANG_WARN_UNREACHABLE_CODE = YES;
				CLANG_WARN__DUPLICATE_METHOD_MATCH = YES;
				"CODE_SIGN_IDENTITY[sdk=iphoneos*]" = "iPhone Developer";
				COPY_PHASE_STRIP = YES;
				ENABLE_NS_ASSERTIONS = NO;
				ENABLE_STRICT_OBJC_MSGSEND = YES;
				GCC_C_LANGUAGE_STANDARD = gnu99;
				GCC_WARN_64_TO_32_BIT_CONVERSION = YES;
				GCC_WARN_ABOUT_RETURN_TYPE = YES_ERROR;
				GCC_WARN_UNDECLARED_SELECTOR = YES;
				GCC_WARN_UNINITIALIZED_AUTOS = YES_AGGRESSIVE;
				GCC_WARN_UNUSED_FUNCTION = YES;
				GCC_WARN_UNUSED_VARIABLE = YES;
				IPHONEOS_DEPLOYMENT_TARGET = 8.1;
				MTL_ENABLE_DEBUG_INFO = NO;
				SDKROOT = iphoneos;
				TARGETED_DEVICE_FAMILY = 2;
				VALIDATE_PRODUCT = YES;
			};
			name = Release;
		};
		9DA0652D1A9A99AC00AD4A9D /* Debug */ = {
			isa = XCBuildConfiguration;
			buildSettings = {
				ASSETCATALOG_COMPILER_APPICON_NAME = AppIcon;
				INFOPLIST_FILE = PassingData/Info.plist;
				LD_RUNPATH_SEARCH_PATHS = "$(inherited) @executable_path/Frameworks";
				PRODUCT_NAME = "$(TARGET_NAME)";
			};
			name = Debug;
		};
		9DA0652E1A9A99AC00AD4A9D /* Release */ = {
			isa = XCBuildConfiguration;
			buildSettings = {
				ASSETCATALOG_COMPILER_APPICON_NAME = AppIcon;
				INFOPLIST_FILE = PassingData/Info.plist;
				LD_RUNPATH_SEARCH_PATHS = "$(inherited) @executable_path/Frameworks";
				PRODUCT_NAME = "$(TARGET_NAME)";
			};
			name = Release;
		};
		9DA065301A9A99AC00AD4A9D /* Debug */ = {
			isa = XCBuildConfiguration;
			buildSettings = {
				BUNDLE_LOADER = "$(TEST_HOST)";
				FRAMEWORK_SEARCH_PATHS = (
					"$(SDKROOT)/Developer/Library/Frameworks",
					"$(inherited)",
				);
				GCC_PREPROCESSOR_DEFINITIONS = (
					"DEBUG=1",
					"$(inherited)",
				);
				INFOPLIST_FILE = PassingDataTests/Info.plist;
				LD_RUNPATH_SEARCH_PATHS = "$(inherited) @executable_path/Frameworks @loader_path/Frameworks";
				PRODUCT_NAME = "$(TARGET_NAME)";
				TEST_HOST = "$(BUILT_PRODUCTS_DIR)/PassingData.app/PassingData";
			};
			name = Debug;
		};
		9DA065311A9A99AC00AD4A9D /* Release */ = {
			isa = XCBuildConfiguration;
			buildSettings = {
				BUNDLE_LOADER = "$(TEST_HOST)";
				FRAMEWORK_SEARCH_PATHS = (
					"$(SDKROOT)/Developer/Library/Frameworks",
					"$(inherited)",
				);
				INFOPLIST_FILE = PassingDataTests/Info.plist;
				LD_RUNPATH_SEARCH_PATHS = "$(inherited) @executable_path/Frameworks @loader_path/Frameworks";
				PRODUCT_NAME = "$(TARGET_NAME)";
				TEST_HOST = "$(BUILT_PRODUCTS_DIR)/PassingData.app/PassingData";
			};
			name = Release;
		};
/* End XCBuildConfiguration section */

/* Begin XCConfigurationList section */
		9DA065081A9A99AC00AD4A9D /* Build configuration list for PBXProject "PassingData" */ = {
			isa = XCConfigurationList;
			buildConfigurations = (
				9DA0652A1A9A99AC00AD4A9D /* Debug */,
				9DA0652B1A9A99AC00AD4A9D /* Release */,
			);
			defaultConfigurationIsVisible = 0;
			defaultConfigurationName = Release;
		};
		9DA0652C1A9A99AC00AD4A9D /* Build configuration list for PBXNativeTarget "PassingData" */ = {
			isa = XCConfigurationList;
			buildConfigurations = (
				9DA0652D1A9A99AC00AD4A9D /* Debug */,
				9DA0652E1A9A99AC00AD4A9D /* Release */,
			);
			defaultConfigurationIsVisible = 0;
		};
		9DA0652F1A9A99AC00AD4A9D /* Build configuration list for PBXNativeTarget "PassingDataTests" */ = {
			isa = XCConfigurationList;
			buildConfigurations = (
				9DA065301A9A99AC00AD4A9D /* Debug */,
				9DA065311A9A99AC00AD4A9D /* Release */,
			);
			defaultConfigurationIsVisible = 0;
		};
/* End XCConfigurationList section */
	};
	rootObject = 9DA065051A9A99AC00AD4A9D /* Project object */;
}
